
Microsoft Visual Studio Solution File, Format Version 10.00
# Visual Studio 2008
Project("{FAE04EC0-301F-11D3-BF4B-00C04F79EFBC}") = "Gendarme.Rules.Xamarin", "Gendarme.Rules.Xamarin.csproj", "{6C4585A1-E675-4ABF-8D99-456EFDB1B8E8}"
EndProject
Global
	GlobalSection(SolutionConfigurationPlatforms) = preSolution
		Debug|Any CPU = Debug|Any CPU
		Release|Any CPU = Release|Any CPU
	EndGlobalSection
	GlobalSection(ProjectConfigurationPlatforms) = postSolution
		{6C4585A1-E675-4ABF-8D99-456EFDB1B8E8}.Debug|Any CPU.ActiveCfg = Debug|Any CPU
		{6C4585A1-E675-4ABF-8D99-456EFDB1B8E8}.Debug|Any CPU.Build.0 = Debug|Any CPU
		{6C4585A1-E675-4ABF-8D99-456EFDB1B8E8}.Release|Any CPU.ActiveCfg = Release|Any CPU
		{6C4585A1-E675-4ABF-8D99-456EFDB1B8E8}.Release|Any CPU.Build.0 = Release|Any CPU
	EndGlobalSection
	GlobalSection(MonoDevelopProperties) = preSolution
		StartupItem = Gendarme.Rules.Xamarin.csproj
	EndGlobalSection
EndGlobal
